# This file is autogenerated, do not edit; changes may be undone by the next 'dep ensure'.


[[projects]]
  branch = "master"
  digest = "1:c307799fe01c92c8049378347b93b658a0f3be2d10a5dab8cc0798f45ee6759a"
  name = "github.com/buger/goterm"
  packages = ["."]
  pruneopts = "UT"
  revision = "c206103e1f37c0c6c5c039706305ea2aa6e8ad3b"

[[projects]]
  digest = "1:1e9a0ec4f7e852123fefad9aadd7647eed1e9fd3716118e99a4b3dc463705c82"
  name = "github.com/dchest/siphash"
  packages = ["."]
  pruneopts = "UT"
  revision = "34f201214d993633bb24f418ba11736ab8b55aa7"
  version = "v1.2.1"

[[projects]]
  branch = "master"
  digest = "1:ea87e147859ff7b14b08dcf880c75bf6b81d95aed7dae9477c22cd6beef0ef86"
  name = "github.com/gcash/bchd"
  packages = [
    "bchec",
    "bchrpc/pb",
    "chaincfg",
    "chaincfg/chainhash",
    "txscript",
    "wire",
  ]
  pruneopts = "UT"
  revision = "8dc10df9172629ada0633474b9e959abd2483300"

[[projects]]
  branch = "master"
  digest = "1:b1053b781e9090dab5d3e916eb04c8d85b63a7f6911007c2cd1dd82fb22f7f6a"
  name = "github.com/gcash/bchlog"
  packages = ["."]
  pruneopts = "UT"
  revision = "b4f036f92fa66c88eec458f4531ff14ff87704d6"

[[projects]]
  branch = "master"
  digest = "1:2538b5efd7d3d7ac9efdfef955f5bcda82cbec4d6f8aef4d388f1c70e6318fc5"
  name = "github.com/gcash/bchutil"
  packages = [
    ".",
    "base58",
  ]
  pruneopts = "UT"
  revision = "050b747bffa06a2effb1af5454753130c41069ab"

[[projects]]
  digest = "1:239c4c7fd2159585454003d9be7207167970194216193a8a210b8d29576f19c9"
  name = "github.com/golang/protobuf"
  packages = [
    "proto",
    "ptypes",
    "ptypes/any",
    "ptypes/duration",
    "ptypes/timestamp",
  ]
  pruneopts = "UT"
  revision = "b5d812f8a3706043e23a9cd5babf2e5423744d30"
  version = "v1.3.1"

[[projects]]
  branch = "master"
  digest = "1:459271b8268fe541549b299f65160b1df5abe9ffef0426cc38607f771dbc6bb4"
  name = "github.com/jessevdk/go-flags"
  packages = ["."]
  pruneopts = "UT"
  revision = "c0795c8afcf41dd1d786bebce68636c199b3bb45"

[[projects]]
  digest = "1:0356f3312c9bd1cbeda81505b7fd437501d8e778ab66998ef69f00d7f9b3a0d7"
  name = "github.com/mattn/go-runewidth"
  packages = ["."]
  pruneopts = "UT"
  revision = "3ee7d812e62a0804a7d0a324e0249ca2db3476d3"
  version = "v0.0.4"

[[projects]]
  branch = "master"
  digest = "1:e4f1b6b3c33388b1f6f3d630280d9b0870c1e2f80379dfd2f89dd06425e9e6b9"
  name = "github.com/nsf/termbox-go"
  packages = ["."]
  pruneopts = "UT"
  revision = "288510b9734e30e7966ec2f22b87c5f8e67345e3"

[[projects]]
  branch = "master"
  digest = "1:1fa95129371749532e2ac8b93a0016c549ebe77f25c6fad296b6ee271fae2fd6"
  name = "golang.org/x/crypto"
  packages = ["ripemd160"]
  pruneopts = "UT"
  revision = "20be4c3c3ed52bfccdb2d59a412ee1a936d175a7"

[[projects]]
  branch = "master"
  digest = "1:aa51a5bed0c7c26aadfcc5bf5b2b62c0f43032af5d786a02247f87dfce23cb06"
  name = "golang.org/x/net"
  packages = [
    "context",
    "http/httpguts",
    "http2",
    "http2/hpack",
    "idna",
    "internal/timeseries",
    "trace",
  ]
  pruneopts = "UT"
  revision = "f3200d17e092c607f615320ecaad13d87ad9a2b3"

[[projects]]
  branch = "master"
  digest = "1:668e8c66b8895d69391429b0f64a72c35603c94f364c94d4e5fab5053d57a0b6"
  name = "golang.org/x/sys"
  packages = ["unix"]
  pruneopts = "UT"
  revision = "ad28b68e88f12448a1685d038ffea87bbbb34148"

[[projects]]
  digest = "1:8d8faad6b12a3a4c819a3f9618cb6ee1fa1cfc33253abeeea8b55336721e3405"
  name = "golang.org/x/text"
  packages = [
    "collate",
    "collate/build",
    "internal/colltab",
    "internal/gen",
    "internal/language",
    "internal/language/compact",
    "internal/tag",
    "internal/triegen",
    "internal/ucd",
    "language",
    "secure/bidirule",
    "transform",
    "unicode/bidi",
    "unicode/cldr",
    "unicode/norm",
    "unicode/rangetable",
  ]
  pruneopts = "UT"
  revision = "342b2e1fbaa52c93f31447ad2c6abc048c63e475"
  version = "v0.3.2"

[[projects]]
  branch = "master"
  digest = "1:583a0c80f5e3a9343d33aea4aead1e1afcc0043db66fdf961ddd1fe8cd3a4faf"
  name = "google.golang.org/genproto"
  packages = ["googleapis/rpc/status"]
  pruneopts = "UT"
  revision = "fb225487d10142b5bcc35abfc6cb9a0609614976"

[[projects]]
  branch = "master"
  digest = "1:858328f765d7bb37cbdd159661ff17211d797fcb8991d16d1bee1f62511acb67"
  name = "google.golang.org/grpc"
  packages = [
    ".",
    "balancer",
    "balancer/base",
    "balancer/roundrobin",
    "binarylog/grpc_binarylog_v1",
    "codes",
    "connectivity",
    "credentials",
    "credentials/internal",
    "encoding",
    "encoding/proto",
    "grpclog",
    "internal",
    "internal/backoff",
    "internal/balancerload",
    "internal/binarylog",
    "internal/channelz",
    "internal/envconfig",
    "internal/grpcrand",
    "internal/grpcsync",
    "internal/syscall",
    "internal/transport",
    "keepalive",
    "metadata",
    "naming",
    "peer",
    "resolver",
    "resolver/dns",
    "resolver/passthrough",
    "serviceconfig",
    "stats",
    "status",
    "tap",
  ]
  pruneopts = "UT"
  revision = "82fdf27702a52ef4c16bbca4c515c45cdec398a9"

[solve-meta]
  analyzer-name = "dep"
  analyzer-version = 1
  input-imports = [
    "github.com/buger/goterm",
    "github.com/gcash/bchd/bchrpc/pb",
    "github.com/gcash/bchd/chaincfg",
    "github.com/gcash/bchd/chaincfg/chainhash",
    "github.com/gcash/bchd/txscript",
    "github.com/gcash/bchd/wire",
    "github.com/jessevdk/go-flags",
    "github.com/nsf/termbox-go",
    "google.golang.org/grpc",
    "google.golang.org/grpc/credentials",
  ]
  solver-name = "gps-cdcl"
  solver-version = 1
